# THIS IS AN AUTOGENERATED FILE. DO NOT EDIT THIS FILE DIRECTLY.
# yarn lockfile v1


stack-utils@^1.0.2:
  version "1.0.2"
  resolved "https://registry.yarnpkg.com/stack-utils/-/stack-utils-1.0.2.tgz#33eba3897788558bebfc2db059dc158ec36cebb8"
  integrity sha512-MTX+MeG5U994cazkjd/9KNAapsHnibjMLnfXodlkXw76JEea0UiNzrqidzo1emMwk7w5Qhc9jd4Bn9TBb1MFwA==

tap-yaml@^1.0.0:
  version "1.0.0"
  resolved "https://registry.yarnpkg.com/tap-yaml/-/tap-yaml-1.0.0.tgz#4e31443a5489e05ca8bbb3e36cef71b5dec69635"
  integrity sha512-Rxbx4EnrWkYk0/ztcm5u3/VznbyFJpyXO12dDBHKWiDVxy7O2Qw6MRrwO5H6Ww0U5YhRY/4C/VzWmFPhBQc4qQ==
  dependencies:
    yaml "^1.5.0"

yaml@^1.5.0:
  version "1.10.3"
  resolved "https://registry.yarnpkg.com/yaml/-/yaml-1.10.3.tgz#76e407ed95c42684fb8e14641e5de62fe65bbcb3"
  integrity sha512-vIYeF1u3CjlhAFekPPAk2h/Kv4T3mAkMox5OymRiJQB0spDP10LHvt+K7G9Ny6NuuMAb25/6n1qyUjAcGNf/AA==
